{
    "_meta": {
        "hash": {
            "sha256": "4e9325d0a8cdc398a552b0a5fae4a51745d8800357331e6eaad875eac0dd7420"
        },
        "host-environment-markers": {
            "implementation_name": "cpython",
            "implementation_version": "3.6.4",
            "os_name": "posix",
            "platform_machine": "x86_64",
            "platform_python_implementation": "CPython",
            "platform_release": "4.14.13-1-ARCH",
            "platform_system": "Linux",
            "platform_version": "#1 SMP PREEMPT Wed Jan 10 11:14:50 UTC 2018",
            "python_full_version": "3.6.4",
            "python_version": "3.6",
            "sys_platform": "linux"
        },
        "pipfile-spec": 6,
        "requires": {},
        "sources": [
            {
                "name": "pypi",
                "url": "https://pypi.python.org/simple",
                "verify_ssl": true
            }
        ]
    },
    "default": {
        "pipenv-dependency": {
            "editable": true,
            "git": "https://github.com/irgendsontyp/pipenv-dependency.git",
            "ref": "6a17b554b5ca5909490966c8a68ec4fe2eead455"
        }
    },
    "develop": {}
}
